
Microsoft Visual Studio Solution File, Format Version 12.00
# Visual Studio Version 16
VisualStudioVersion = 16.0.28917.181
MinimumVisualStudioVersion = 10.0.40219.1
Project("{9A19103F-16F7-4668-BE54-9A1E7A4F7556}") = "InfoCines", "InfoCines\InfoCines.csproj", "{B4299C13-93C6-4162-8733-4D9023D71DDA}"
EndProject
Project("{9A19103F-16F7-4668-BE54-9A1E7A4F7556}") = "Test", "Test\Test.csproj", "{D708086D-F77E-49FC-8442-CE1686EF9DA9}"
EndProject
Global
	GlobalSection(SolutionConfigurationPlatforms) = preSolution
		Debug|Any CPU = Debug|Any CPU
		Release|Any CPU = Release|Any CPU
	EndGlobalSection
	GlobalSection(ProjectConfigurationPlatforms) = postSolution
		{B4299C13-93C6-4162-8733-4D9023D71DDA}.Debug|Any CPU.ActiveCfg = Debug|Any CPU
		{B4299C13-93C6-4162-8733-4D9023D71DDA}.Debug|Any CPU.Build.0 = Debug|Any CPU
		{B4299C13-93C6-4162-8733-4D9023D71DDA}.Release|Any CPU.ActiveCfg = Release|Any CPU
		{B4299C13-93C6-4162-8733-4D9023D71DDA}.Release|Any CPU.Build.0 = Release|Any CPU
		{D708086D-F77E-49FC-8442-CE1686EF9DA9}.Debug|Any CPU.ActiveCfg = Debug|Any CPU
		{D708086D-F77E-49FC-8442-CE1686EF9DA9}.Debug|Any CPU.Build.0 = Debug|Any CPU
		{D708086D-F77E-49FC-8442-CE1686EF9DA9}.Release|Any CPU.ActiveCfg = Release|Any CPU
		{D708086D-F77E-49FC-8442-CE1686EF9DA9}.Release|Any CPU.Build.0 = Release|Any CPU
	EndGlobalSection
	GlobalSection(SolutionProperties) = preSolution
		HideSolutionNode = FALSE
	EndGlobalSection
	GlobalSection(ExtensibilityGlobals) = postSolution
		SolutionGuid = {E4F853BD-2A37-4F6F-A4D8-92B167250AC4}
	EndGlobalSection
EndGlobal
